
Microsoft Visual Studio Solution File, Format Version 12.00
# Visual Studio Version 17
VisualStudioVersion = 17.5.002.0
MinimumVisualStudioVersion = 10.0.40219.1
Project("{9A19103F-16F7-4668-BE54-9A1E7A4F7556}") = "Task_64", "Task_64\Task_64.csproj", "{15719D43-07BA-49F6-AE49-9187791C181D}"
EndProject
Global
	GlobalSection(SolutionConfigurationPlatforms) = preSolution
		Debug|Any CPU = Debug|Any CPU
		Release|Any CPU = Release|Any CPU
	EndGlobalSection
	GlobalSection(ProjectConfigurationPlatforms) = postSolution
		{15719D43-07BA-49F6-AE49-9187791C181D}.Debug|Any CPU.ActiveCfg = Debug|Any CPU
		{15719D43-07BA-49F6-AE49-9187791C181D}.Debug|Any CPU.Build.0 = Debug|Any CPU
		{15719D43-07BA-49F6-AE49-9187791C181D}.Release|Any CPU.ActiveCfg = Release|Any CPU
		{15719D43-07BA-49F6-AE49-9187791C181D}.Release|Any CPU.Build.0 = Release|Any CPU
	EndGlobalSection
	GlobalSection(SolutionProperties) = preSolution
		HideSolutionNode = FALSE
	EndGlobalSection
	GlobalSection(ExtensibilityGlobals) = postSolution
		SolutionGuid = {77A1716B-BECB-4256-AAB8-C0C96E0C153A}
	EndGlobalSection
EndGlobal
